{
  "name": "example",
  "lockfileVersion": 3,
  "requires": true,
  "packages": {
    "": {
      "dependencies": {
        "i18n-feater": "^1.0.1"
      }
    },
    "node_modules/i18n-feater": {
      "version": "1.0.1",
      "resolved": "https://registry.npmjs.org/i18n-feater/-/i18n-feater-1.0.1.tgz",
      "integrity": "sha512-GojyKijuLi6X2VLKq+lKeg9m7+1VBDr/Y1OcM5oF6ZPBtzMF6GlyyKJR+e/UmGcGDUurRprpxIcZKBBcjCuxdg=="
    }
  }
}
