{
  "name": "example",
  "lockfileVersion": 3,
  "requires": true,
  "packages": {
    "": {
      "dependencies": {
        "i18n-feater": "^1.0.3"
      }
    },
    "node_modules/i18n-feater": {
      "version": "1.0.3",
      "resolved": "https://registry.npmjs.org/i18n-feater/-/i18n-feater-1.0.3.tgz",
      "integrity": "sha512-/B6+L7GY/V4KJNr7Yhyg2FPE1LeX7br5wfwc3ytSshy965a8rRIJ0SQxsa/xjhKzgnrMGiiMcY1St1HJRYFrGg==",
      "dependencies": {
        "i18n-feater": "^1.0.1"
      }
    }
  }
}
